// !$*UTF8*$!
{
	archiveVersion = 1;
	classes = {
	};
	objectVersion = 56;
	objects = {

/* Begin PBXBuildFile section */
		15FECD7C29F6FA220083C26C /* AppDelegate.swift in Sources */ = {isa = PBXBuildFile; fileRef = 15FECD7B29F6FA220083C26C /* AppDelegate.swift */; };
		15FECD7E29F6FA220083C26C /* SceneDelegate.swift in Sources */ = {isa = PBXBuildFile; fileRef = 15FECD7D29F6FA220083C26C /* SceneDelegate.swift */; };
		15FECD8029F6FA220083C26C /* ViewController.swift in Sources */ = {isa = PBXBuildFile; fileRef = 15FECD7F29F6FA220083C26C /* ViewController.swift */; };
		15FECD8329F6FA220083C26C /* Main.storyboard in Resources */ = {isa = PBXBuildFile; fileRef = 15FECD8129F6FA220083C26C /* Main.storyboard */; };
		15FECD8529F6FA230083C26C /* Assets.xcassets in Resources */ = {isa = PBXBuildFile; fileRef = 15FECD8429F6FA230083C26C /* Assets.xcassets */; };
		15FECD8829F6FA230083C26C /* LaunchScreen.storyboard in Resources */ = {isa = PBXBuildFile; fileRef = 15FECD8629F6FA230083C26C /* LaunchScreen.storyboard */; };
		15FECD9329F6FA230083C26C /* counterTests.swift in Sources */ = {isa = PBXBuildFile; fileRef = 15FECD9229F6FA230083C26C /* counterTests.swift */; };
		15FECD9D29F6FA230083C26C /* counterUITests.swift in Sources */ = {isa = PBXBuildFile; fileRef = 15FECD9C29F6FA230083C26C /* counterUITests.swift */; };
		15FECD9F29F6FA230083C26C /* counterUITestsLaunchTests.swift in Sources */ = {isa = PBXBuildFile; fileRef = 15FECD9E29F6FA230083C26C /* counterUITestsLaunchTests.swift */; };
/* End PBXBuildFile section */

/* Begin PBXContainerItemProxy section */
		15FECD8F29F6FA230083C26C /* PBXContainerItemProxy */ = {
			isa = PBXContainerItemProxy;
			containerPortal = 15FECD7029F6FA220083C26C /* Project object */;
			proxyType = 1;
			remoteGlobalIDString = 15FECD7729F6FA220083C26C;
			remoteInfo = counter;
		};
		15FECD9929F6FA230083C26C /* PBXContainerItemProxy */ = {
			isa = PBXContainerItemProxy;
			containerPortal = 15FECD7029F6FA220083C26C /* Project object */;
			proxyType = 1;
			remoteGlobalIDString = 15FECD7729F6FA220083C26C;
			remoteInfo = counter;
		};
/* End PBXContainerItemProxy section */

/* Begin PBXFileReference section */
		15FECD7829F6FA220083C26C /* counter.app */ = {isa = PBXFileReference; explicitFileType = wrapper.application; includeInIndex = 0; path = counter.app; sourceTree = BUILT_PRODUCTS_DIR; };
		15FECD7B29F6FA220083C26C /* AppDelegate.swift */ = {isa = PBXFileReference; lastKnownFileType = sourcecode.swift; path = AppDelegate.swift; sourceTree = "<group>"; };
		15FECD7D29F6FA220083C26C /* SceneDelegate.swift */ = {isa = PBXFileReference; lastKnownFileType = sourcecode.swift; path = SceneDelegate.swift; sourceTree = "<group>"; };
		15FECD7F29F6FA220083C26C /* ViewController.swift */ = {isa = PBXFileReference; lastKnownFileType = sourcecode.swift; path = ViewController.swift; sourceTree = "<group>"; };
		15FECD8229F6FA220083C26C /* Base */ = {isa = PBXFileReference; lastKnownFileType = file.storyboard; name = Base; path = Base.lproj/Main.storyboard; sourceTree = "<group>"; };
		15FECD8429F6FA230083C26C /* Assets.xcassets */ = {isa = PBXFileReference; lastKnownFileType = folder.assetcatalog; path = Assets.xcassets; sourceTree = "<group>"; };
		15FECD8729F6FA230083C26C /* Base */ = {isa = PBXFileReference; lastKnownFileType = file.storyboard; name = Base; path = Base.lproj/LaunchScreen.storyboard; sourceTree = "<group>"; };
		15FECD8929F6FA230083C26C /* Info.plist */ = {isa = PBXFileReference; lastKnownFileType = text.plist.xml; path = Info.plist; sourceTree = "<group>"; };
		15FECD8E29F6FA230083C26C /* counterTests.xctest */ = {isa = PBXFileReference; explicitFileType = wrapper.cfbundle; includeInIndex = 0; path = counterTests.xctest; sourceTree = BUILT_PRODUCTS_DIR; };
		15FECD9229F6FA230083C26C /* counterTests.swift */ = {isa = PBXFileReference; lastKnownFileType = sourcecode.swift; path = counterTests.swift; sourceTree = "<group>"; };
		15FECD9829F6FA230083C26C /* counterUITests.xctest */ = {isa = PBXFileReference; explicitFileType = wrapper.cfbundle; includeInIndex = 0; path = counterUITests.xctest; sourceTree = BUILT_PRODUCTS_DIR; };
		15FECD9C29F6FA230083C26C /* counterUITests.swift */ = {isa = PBXFileReference; lastKnownFileType = sourcecode.swift; path = counterUITests.swift; sourceTree = "<group>"; };
		15FECD9E29F6FA230083C26C /* counterUITestsLaunchTests.swift */ = {isa = PBXFileReference; lastKnownFileType = sourcecode.swift; path = counterUITestsLaunchTests.swift; sourceTree = "<group>"; };
/* End PBXFileReference section */

/* Begin PBXFrameworksBuildPhase section */
		15FECD7529F6FA220083C26C /* Frameworks */ = {
			isa = PBXFrameworksBuildPhase;
			buildActionMask = 2147483647;
			files = (
			);
			runOnlyForDeploymentPostprocessing = 0;
		};
		15FECD8B29F6FA230083C26C /* Frameworks */ = {
			isa = PBXFrameworksBuildPhase;
			buildActionMask = 2147483647;
			files = (
			);
			runOnlyForDeploymentPostprocessing = 0;
		};
		15FECD9529F6FA230083C26C /* Frameworks */ = {
			isa = PBXFrameworksBuildPhase;
			buildActionMask = 2147483647;
			files = (
			);
			runOnlyForDeploymentPostprocessing = 0;
		};
/* End PBXFrameworksBuildPhase section */

/* Begin PBXGroup section */
		15FECD6F29F6FA220083C26C = {
			isa = PBXGroup;
			children = (
				15FECD7A29F6FA220083C26C /* counter */,
				15FECD9129F6FA230083C26C /* counterTests */,
				15FECD9B29F6FA230083C26C /* counterUITests */,
				15FECD7929F6FA220083C26C /* Products */,
			);
			sourceTree = "<group>";
		};
		15FECD7929F6FA220083C26C /* Products */ = {
			isa = PBXGroup;
			children = (
				15FECD7829F6FA220083C26C /* counter.app */,
				15FECD8E29F6FA230083C26C /* counterTests.xctest */,
				15FECD9829F6FA230083C26C /* counterUITests.xctest */,
			);
			name = Products;
			sourceTree = "<group>";
		};
		15FECD7A29F6FA220083C26C /* counter */ = {
			isa = PBXGroup;
			children = (
				15FECD7B29F6FA220083C26C /* AppDelegate.swift */,
				15FECD7D29F6FA220083C26C /* SceneDelegate.swift */,
				15FECD7F29F6FA220083C26C /* ViewController.swift */,
				15FECD8129F6FA220083C26C /* Main.storyboard */,
				15FECD8429F6FA230083C26C /* Assets.xcassets */,
				15FECD8629F6FA230083C26C /* LaunchScreen.storyboard */,
				15FECD8929F6FA230083C26C /* Info.plist */,
			);
			path = counter;
			sourceTree = "<group>";
		};
		15FECD9129F6FA230083C26C /* counterTests */ = {
			isa = PBXGroup;
			children = (
				15FECD9229F6FA230083C26C /* counterTests.swift */,
			);
			path = counterTests;
			sourceTree = "<group>";
		};
		15FECD9B29F6FA230083C26C /* counterUITests */ = {
			isa = PBXGroup;
			children = (
				15FECD9C29F6FA230083C26C /* counterUITests.swift */,
				15FECD9E29F6FA230083C26C /* counterUITestsLaunchTests.swift */,
			);
			path = counterUITests;
			sourceTree = "<group>";
		};
/* End PBXGroup section */

/* Begin PBXNativeTarget section */
		15FECD7729F6FA220083C26C /* counter */ = {
			isa = PBXNativeTarget;
			buildConfigurationList = 15FECDA229F6FA230083C26C /* Build configuration list for PBXNativeTarget "counter" */;
			buildPhases = (
				15FECD7429F6FA220083C26C /* Sources */,
				15FECD7529F6FA220083C26C /* Frameworks */,
				15FECD7629F6FA220083C26C /* Resources */,
			);
			buildRules = (
			);
			dependencies = (
			);
			name = counter;
			productName = counter;
			productReference = 15FECD7829F6FA220083C26C /* counter.app */;
			productType = "com.apple.product-type.application";
		};
		15FECD8D29F6FA230083C26C /* counterTests */ = {
			isa = PBXNativeTarget;
			buildConfigurationList = 15FECDA529F6FA230083C26C /* Build configuration list for PBXNativeTarget "counterTests" */;
			buildPhases = (
				15FECD8A29F6FA230083C26C /* Sources */,
				15FECD8B29F6FA230083C26C /* Frameworks */,
				15FECD8C29F6FA230083C26C /* Resources */,
			);
			buildRules = (
			);
			dependencies = (
				15FECD9029F6FA230083C26C /* PBXTargetDependency */,
			);
			name = counterTests;
			productName = counterTests;
			productReference = 15FECD8E29F6FA230083C26C /* counterTests.xctest */;
			productType = "com.apple.product-type.bundle.unit-test";
		};
		15FECD9729F6FA230083C26C /* counterUITests */ = {
			isa = PBXNativeTarget;
			buildConfigurationList = 15FECDA829F6FA230083C26C /* Build configuration list for PBXNativeTarget "counterUITests" */;
			buildPhases = (
				15FECD9429F6FA230083C26C /* Sources */,
				15FECD9529F6FA230083C26C /* Frameworks */,
				15FECD9629F6FA230083C26C /* Resources */,
			);
			buildRules = (
			);
			dependencies = (
				15FECD9A29F6FA230083C26C /* PBXTargetDependency */,
			);
			name = counterUITests;
			productName = counterUITests;
			productReference = 15FECD9829F6FA230083C26C /* counterUITests.xctest */;
			productType = "com.apple.product-type.bundle.ui-testing";
		};
/* End PBXNativeTarget section */

/* Begin PBXProject section */
		15FECD7029F6FA220083C26C /* Project object */ = {
			isa = PBXProject;
			attributes = {
				BuildIndependentTargetsInParallel = 1;
				LastSwiftUpdateCheck = 1420;
				LastUpgradeCheck = 1420;
				TargetAttributes = {
					15FECD7729F6FA220083C26C = {
						CreatedOnToolsVersion = 14.2;
					};
					15FECD8D29F6FA230083C26C = {
						CreatedOnToolsVersion = 14.2;
						TestTargetID = 15FECD7729F6FA220083C26C;
					};
					15FECD9729F6FA230083C26C = {
						CreatedOnToolsVersion = 14.2;
						TestTargetID = 15FECD7729F6FA220083C26C;
					};
				};
			};
			buildConfigurationList = 15FECD7329F6FA220083C26C /* Build configuration list for PBXProject "counter" */;
			compatibilityVersion = "Xcode 14.0";
			developmentRegion = en;
			hasScannedForEncodings = 0;
			knownRegions = (
				en,
				Base,
			);
			mainGroup = 15FECD6F29F6FA220083C26C;
			productRefGroup = 15FECD7929F6FA220083C26C /* Products */;
			projectDirPath = "";
			projectRoot = "";
			targets = (
				15FECD7729F6FA220083C26C /* counter */,
				15FECD8D29F6FA230083C26C /* counterTests */,
				15FECD9729F6FA230083C26C /* counterUITests */,
			);
		};
/* End PBXProject section */

/* Begin PBXResourcesBuildPhase section */
		15FECD7629F6FA220083C26C /* Resources */ = {
			isa = PBXResourcesBuildPhase;
			buildActionMask = 2147483647;
			files = (
				15FECD8829F6FA230083C26C /* LaunchScreen.storyboard in Resources */,
				15FECD8529F6FA230083C26C /* Assets.xcassets in Resources */,
				15FECD8329F6FA220083C26C /* Main.storyboard in Resources */,
			);
			runOnlyForDeploymentPostprocessing = 0;
		};
		15FECD8C29F6FA230083C26C /* Resources */ = {
			isa = PBXResourcesBuildPhase;
			buildActionMask = 2147483647;
			files = (
			);
			runOnlyForDeploymentPostprocessing = 0;
		};
		15FECD9629F6FA230083C26C /* Resources */ = {
			isa = PBXResourcesBuildPhase;
			buildActionMask = 2147483647;
			files = (
			);
			runOnlyForDeploymentPostprocessing = 0;
		};
/* End PBXResourcesBuildPhase section */

/* Begin PBXSourcesBuildPhase section */
		15FECD7429F6FA220083C26C /* Sources */ = {
			isa = PBXSourcesBuildPhase;
			buildActionMask = 2147483647;
			files = (
				15FECD8029F6FA220083C26C /* ViewController.swift in Sources */,
				15FECD7C29F6FA220083C26C /* AppDelegate.swift in Sources */,
				15FECD7E29F6FA220083C26C /* SceneDelegate.swift in Sources */,
			);
			runOnlyForDeploymentPostprocessing = 0;
		};
		15FECD8A29F6FA230083C26C /* Sources */ = {
			isa = PBXSourcesBuildPhase;
			buildActionMask = 2147483647;
			files = (
				15FECD9329F6FA230083C26C /* counterTests.swift in Sources */,
			);
			runOnlyForDeploymentPostprocessing = 0;
		};
		15FECD9429F6FA230083C26C /* Sources */ = {
			isa = PBXSourcesBuildPhase;
			buildActionMask = 2147483647;
			files = (
				15FECD9D29F6FA230083C26C /* counterUITests.swift in Sources */,
				15FECD9F29F6FA230083C26C /* counterUITestsLaunchTests.swift in Sources */,
			);
			runOnlyForDeploymentPostprocessing = 0;
		};
/* End PBXSourcesBuildPhase section */

/* Begin PBXTargetDependency section */
		15FECD9029F6FA230083C26C /* PBXTargetDependency */ = {
			isa = PBXTargetDependency;
			target = 15FECD7729F6FA220083C26C /* counter */;
			targetProxy = 15FECD8F29F6FA230083C26C /* PBXContainerItemProxy */;
		};
		15FECD9A29F6FA230083C26C /* PBXTargetDependency */ = {
			isa = PBXTargetDependency;
			target = 15FECD7729F6FA220083C26C /* counter */;
			targetProxy = 15FECD9929F6FA230083C26C /* PBXContainerItemProxy */;
		};
/* End PBXTargetDependency section */

/* Begin PBXVariantGroup section */
		15FECD8129F6FA220083C26C /* Main.storyboard */ = {
			isa = PBXVariantGroup;
			children = (
				15FECD8229F6FA220083C26C /* Base */,
			);
			name = Main.storyboard;
			sourceTree = "<group>";
		};
		15FECD8629F6FA230083C26C /* LaunchScreen.storyboard */ = {
			isa = PBXVariantGroup;
			children = (
				15FECD8729F6FA230083C26C /* Base */,
			);
			name = LaunchScreen.storyboard;
			sourceTree = "<group>";
		};
/* End PBXVariantGroup section */

/* Begin XCBuildConfiguration section */
		15FECDA029F6FA230083C26C /* Debug */ = {
			isa = XCBuildConfiguration;
			buildSettings = {
				ALWAYS_SEARCH_USER_PATHS = NO;
				CLANG_ANALYZER_NONNULL = YES;
				CLANG_ANALYZER_NUMBER_OBJECT_CONVERSION = YES_AGGRESSIVE;
				CLANG_CXX_LANGUAGE_STANDARD = "gnu++20";
				CLANG_ENABLE_MODULES = YES;
				CLANG_ENABLE_OBJC_ARC = YES;
				CLANG_ENABLE_OBJC_WEAK = YES;
				CLANG_WARN_BLOCK_CAPTURE_AUTORELEASING = YES;
				CLANG_WARN_BOOL_CONVERSION = YES;
				CLANG_WARN_COMMA = YES;
				CLANG_WARN_CONSTANT_CONVERSION = YES;
				CLANG_WARN_DEPRECATED_OBJC_IMPLEMENTATIONS = YES;
				CLANG_WARN_DIRECT_OBJC_ISA_USAGE = YES_ERROR;
				CLANG_WARN_DOCUMENTATION_COMMENTS = YES;
				CLANG_WARN_EMPTY_BODY = YES;
				CLANG_WARN_ENUM_CONVERSION = YES;
				CLANG_WARN_INFINITE_RECURSION = YES;
				CLANG_WARN_INT_CONVERSION = YES;
				CLANG_WARN_NON_LITERAL_NULL_CONVERSION = YES;
				CLANG_WARN_OBJC_IMPLICIT_RETAIN_SELF = YES;
				CLANG_WARN_OBJC_LITERAL_CONVERSION = YES;
				CLANG_WARN_OBJC_ROOT_CLASS = YES_ERROR;
				CLANG_WARN_QUOTED_INCLUDE_IN_FRAMEWORK_HEADER = YES;
				CLANG_WARN_RANGE_LOOP_ANALYSIS = YES;
				CLANG_WARN_STRICT_PROTOTYPES = YES;
				CLANG_WARN_SUSPICIOUS_MOVE = YES;
				CLANG_WARN_UNGUARDED_AVAILABILITY = YES_AGGRESSIVE;
				CLANG_WARN_UNREACHABLE_CODE = YES;
				CLANG_WARN__DUPLICATE_METHOD_MATCH = YES;
				COPY_PHASE_STRIP = NO;
				DEBUG_INFORMATION_FORMAT = dwarf;
				ENABLE_STRICT_OBJC_MSGSEND = YES;
				ENABLE_TESTABILITY = YES;
				GCC_C_LANGUAGE_STANDARD = gnu11;
				GCC_DYNAMIC_NO_PIC = NO;
				GCC_NO_COMMON_BLOCKS = YES;
				GCC_OPTIMIZATION_LEVEL = 0;
				GCC_PREPROCESSOR_DEFINITIONS = (
					"DEBUG=1",
					"$(inherited)",
				);
				GCC_WARN_64_TO_32_BIT_CONVERSION = YES;
				GCC_WARN_ABOUT_RETURN_TYPE = YES_ERROR;
				GCC_WARN_UNDECLARED_SELECTOR = YES;
				GCC_WARN_UNINITIALIZED_AUTOS = YES_AGGRESSIVE;
				GCC_WARN_UNUSED_FUNCTION = YES;
				GCC_WARN_UNUSED_VARIABLE = YES;
				IPHONEOS_DEPLOYMENT_TARGET = 16.2;
				MTL_ENABLE_DEBUG_INFO = INCLUDE_SOURCE;
				MTL_FAST_MATH = YES;
				ONLY_ACTIVE_ARCH = YES;
				SDKROOT = iphoneos;
				SWIFT_ACTIVE_COMPILATION_CONDITIONS = DEBUG;
				SWIFT_OPTIMIZATION_LEVEL = "-Onone";
			};
			name = Debug;
		};
		15FECDA129F6FA230083C26C /* Release */ = {
			isa = XCBuildConfiguration;
			buildSettings = {
				ALWAYS_SEARCH_USER_PATHS = NO;
				CLANG_ANALYZER_NONNULL = YES;
				CLANG_ANALYZER_NUMBER_OBJECT_CONVERSION = YES_AGGRESSIVE;
				CLANG_CXX_LANGUAGE_STANDARD = "gnu++20";
				CLANG_ENABLE_MODULES = YES;
				CLANG_ENABLE_OBJC_ARC = YES;
				CLANG_ENABLE_OBJC_WEAK = YES;
				CLANG_WARN_BLOCK_CAPTURE_AUTORELEASING = YES;
				CLANG_WARN_BOOL_CONVERSION = YES;
				CLANG_WARN_COMMA = YES;
				CLANG_WARN_CONSTANT_CONVERSION = YES;
				CLANG_WARN_DEPRECATED_OBJC_IMPLEMENTATIONS = YES;
				CLANG_WARN_DIRECT_OBJC_ISA_USAGE = YES_ERROR;
				CLANG_WARN_DOCUMENTATION_COMMENTS = YES;
				CLANG_WARN_EMPTY_BODY = YES;
				CLANG_WARN_ENUM_CONVERSION = YES;
				CLANG_WARN_INFINITE_RECURSION = YES;
				CLANG_WARN_INT_CONVERSION = YES;
				CLANG_WARN_NON_LITERAL_NULL_CONVERSION = YES;
				CLANG_WARN_OBJC_IMPLICIT_RETAIN_SELF = YES;
				CLANG_WARN_OBJC_LITERAL_CONVERSION = YES;
				CLANG_WARN_OBJC_ROOT_CLASS = YES_ERROR;
				CLANG_WARN_QUOTED_INCLUDE_IN_FRAMEWORK_HEADER = YES;
				CLANG_WARN_RANGE_LOOP_ANALYSIS = YES;
				CLANG_WARN_STRICT_PROTOTYPES = YES;
				CLANG_WARN_SUSPICIOUS_MOVE = YES;
				CLANG_WARN_UNGUARDED_AVAILABILITY = YES_AGGRESSIVE;
				CLANG_WARN_UNREACHABLE_CODE = YES;
				CLANG_WARN__DUPLICATE_METHOD_MATCH = YES;
				COPY_PHASE_STRIP = NO;
				DEBUG_INFORMATION_FORMAT = "dwarf-with-dsym";
				ENABLE_NS_ASSERTIONS = NO;
				ENABLE_STRICT_OBJC_MSGSEND = YES;
				GCC_C_LANGUAGE_STANDARD = gnu11;
				GCC_NO_COMMON_BLOCKS = YES;
				GCC_WARN_64_TO_32_BIT_CONVERSION = YES;
				GCC_WARN_ABOUT_RETURN_TYPE = YES_ERROR;
				GCC_WARN_UNDECLARED_SELECTOR = YES;
				GCC_WARN_UNINITIALIZED_AUTOS = YES_AGGRESSIVE;
				GCC_WARN_UNUSED_FUNCTION = YES;
				GCC_WARN_UNUSED_VARIABLE = YES;
				IPHONEOS_DEPLOYMENT_TARGET = 16.2;
				MTL_ENABLE_DEBUG_INFO = NO;
				MTL_FAST_MATH = YES;
				SDKROOT = iphoneos;
				SWIFT_COMPILATION_MODE = wholemodule;
				SWIFT_OPTIMIZATION_LEVEL = "-O";
				VALIDATE_PRODUCT = YES;
			};
			name = Release;
		};
		15FECDA329F6FA230083C26C /* Debug */ = {
			isa = XCBuildConfiguration;
			buildSettings = {
				ASSETCATALOG_COMPILER_APPICON_NAME = AppIcon;
				ASSETCATALOG_COMPILER_GLOBAL_ACCENT_COLOR_NAME = AccentColor;
				CODE_SIGN_STYLE = Automatic;
				CURRENT_PROJECT_VERSION = 1;
				DEVELOPMENT_TEAM = 256Q882P96;
				GENERATE_INFOPLIST_FILE = YES;
				INFOPLIST_FILE = counter/Info.plist;
				INFOPLIST_KEY_UIApplicationSupportsIndirectInputEvents = YES;
				INFOPLIST_KEY_UILaunchStoryboardName = LaunchScreen;
				INFOPLIST_KEY_UIMainStoryboardFile = Main;
				INFOPLIST_KEY_UISupportedInterfaceOrientations_iPad = "UIInterfaceOrientationPortrait UIInterfaceOrientationPortraitUpsideDown UIInterfaceOrientationLandscapeLeft UIInterfaceOrientationLandscapeRight";
				INFOPLIST_KEY_UISupportedInterfaceOrientations_iPhone = "UIInterfaceOrientationPortrait UIInterfaceOrientationLandscapeLeft UIInterfaceOrientationLandscapeRight";
				LD_RUNPATH_SEARCH_PATHS = (
					"$(inherited)",
					"@executable_path/Frameworks",
				);
				MARKETING_VERSION = 1.0;
				PRODUCT_BUNDLE_IDENTIFIER = dz.counter;
				PRODUCT_NAME = "$(TARGET_NAME)";
				SWIFT_EMIT_LOC_STRINGS = YES;
				SWIFT_VERSION = 5.0;
				TARGETED_DEVICE_FAMILY = "1,2";
			};
			name = Debug;
		};
		15FECDA429F6FA230083C26C /* Release */ = {
			isa = XCBuildConfiguration;
			buildSettings = {
				ASSETCATALOG_COMPILER_APPICON_NAME = AppIcon;
				ASSETCATALOG_COMPILER_GLOBAL_ACCENT_COLOR_NAME = AccentColor;
				CODE_SIGN_STYLE = Automatic;
				CURRENT_PROJECT_VERSION = 1;
				DEVELOPMENT_TEAM = 256Q882P96;
				GENERATE_INFOPLIST_FILE = YES;
				INFOPLIST_FILE = counter/Info.plist;
				INFOPLIST_KEY_UIApplicationSupportsIndirectInputEvents = YES;
				INFOPLIST_KEY_UILaunchStoryboardName = LaunchScreen;
				INFOPLIST_KEY_UIMainStoryboardFile = Main;
				INFOPLIST_KEY_UISupportedInterfaceOrientations_iPad = "UIInterfaceOrientationPortrait UIInterfaceOrientationPortraitUpsideDown UIInterfaceOrientationLandscapeLeft UIInterfaceOrientationLandscapeRight";
				INFOPLIST_KEY_UISupportedInterfaceOrientations_iPhone = "UIInterfaceOrientationPortrait UIInterfaceOrientationLandscapeLeft UIInterfaceOrientationLandscapeRight";
				LD_RUNPATH_SEARCH_PATHS = (
					"$(inherited)",
					"@executable_path/Frameworks",
				);
				MARKETING_VERSION = 1.0;
				PRODUCT_BUNDLE_IDENTIFIER = dz.counter;
				PRODUCT_NAME = "$(TARGET_NAME)";
				SWIFT_EMIT_LOC_STRINGS = YES;
				SWIFT_VERSION = 5.0;
				TARGETED_DEVICE_FAMILY = "1,2";
			};
			name = Release;
		};
		15FECDA629F6FA230083C26C /* Debug */ = {
			isa = XCBuildConfiguration;
			buildSettings = {
				ALWAYS_EMBED_SWIFT_STANDARD_LIBRARIES = YES;
				BUNDLE_LOADER = "$(TEST_HOST)";
				CODE_SIGN_STYLE = Automatic;
				CURRENT_PROJECT_VERSION = 1;
				DEVELOPMENT_TEAM = 256Q882P96;
				GENERATE_INFOPLIST_FILE = YES;
				IPHONEOS_DEPLOYMENT_TARGET = 16.2;
				MARKETING_VERSION = 1.0;
				PRODUCT_BUNDLE_IDENTIFIER = dz.counterTests;
				PRODUCT_NAME = "$(TARGET_NAME)";
				SWIFT_EMIT_LOC_STRINGS = NO;
				SWIFT_VERSION = 5.0;
				TARGETED_DEVICE_FAMILY = "1,2";
				TEST_HOST = "$(BUILT_PRODUCTS_DIR)/counter.app/$(BUNDLE_EXECUTABLE_FOLDER_PATH)/counter";
			};
			name = Debug;
		};
		15FECDA729F6FA230083C26C /* Release */ = {
			isa = XCBuildConfiguration;
			buildSettings = {
				ALWAYS_EMBED_SWIFT_STANDARD_LIBRARIES = YES;
				BUNDLE_LOADER = "$(TEST_HOST)";
				CODE_SIGN_STYLE = Automatic;
				CURRENT_PROJECT_VERSION = 1;
				DEVELOPMENT_TEAM = 256Q882P96;
				GENERATE_INFOPLIST_FILE = YES;
				IPHONEOS_DEPLOYMENT_TARGET = 16.2;
				MARKETING_VERSION = 1.0;
				PRODUCT_BUNDLE_IDENTIFIER = dz.counterTests;
				PRODUCT_NAME = "$(TARGET_NAME)";
				SWIFT_EMIT_LOC_STRINGS = NO;
				SWIFT_VERSION = 5.0;
				TARGETED_DEVICE_FAMILY = "1,2";
				TEST_HOST = "$(BUILT_PRODUCTS_DIR)/counter.app/$(BUNDLE_EXECUTABLE_FOLDER_PATH)/counter";
			};
			name = Release;
		};
		15FECDA929F6FA230083C26C /* Debug */ = {
			isa = XCBuildConfiguration;
			buildSettings = {
				ALWAYS_EMBED_SWIFT_STANDARD_LIBRARIES = YES;
				CODE_SIGN_STYLE = Automatic;
				CURRENT_PROJECT_VERSION = 1;
				DEVELOPMENT_TEAM = 256Q882P96;
				GENERATE_INFOPLIST_FILE = YES;
				MARKETING_VERSION = 1.0;
				PRODUCT_BUNDLE_IDENTIFIER = dz.counterUITests;
				PRODUCT_NAME = "$(TARGET_NAME)";
				SWIFT_EMIT_LOC_STRINGS = NO;
				SWIFT_VERSION = 5.0;
				TARGETED_DEVICE_FAMILY = "1,2";
				TEST_TARGET_NAME = counter;
			};
			name = Debug;
		};
		15FECDAA29F6FA230083C26C /* Release */ = {
			isa = XCBuildConfiguration;
			buildSettings = {
				ALWAYS_EMBED_SWIFT_STANDARD_LIBRARIES = YES;
				CODE_SIGN_STYLE = Automatic;
				CURRENT_PROJECT_VERSION = 1;
				DEVELOPMENT_TEAM = 256Q882P96;
				GENERATE_INFOPLIST_FILE = YES;
				MARKETING_VERSION = 1.0;
				PRODUCT_BUNDLE_IDENTIFIER = dz.counterUITests;
				PRODUCT_NAME = "$(TARGET_NAME)";
				SWIFT_EMIT_LOC_STRINGS = NO;
				SWIFT_VERSION = 5.0;
				TARGETED_DEVICE_FAMILY = "1,2";
				TEST_TARGET_NAME = counter;
			};
			name = Release;
		};
/* End XCBuildConfiguration section */

/* Begin XCConfigurationList section */
		15FECD7329F6FA220083C26C /* Build configuration list for PBXProject "counter" */ = {
			isa = XCConfigurationList;
			buildConfigurations = (
				15FECDA029F6FA230083C26C /* Debug */,
				15FECDA129F6FA230083C26C /* Release */,
			);
			defaultConfigurationIsVisible = 0;
			defaultConfigurationName = Release;
		};
		15FECDA229F6FA230083C26C /* Build configuration list for PBXNativeTarget "counter" */ = {
			isa = XCConfigurationList;
			buildConfigurations = (
				15FECDA329F6FA230083C26C /* Debug */,
				15FECDA429F6FA230083C26C /* Release */,
			);
			defaultConfigurationIsVisible = 0;
			defaultConfigurationName = Release;
		};
		15FECDA529F6FA230083C26C /* Build configuration list for PBXNativeTarget "counterTests" */ = {
			isa = XCConfigurationList;
			buildConfigurations = (
				15FECDA629F6FA230083C26C /* Debug */,
				15FECDA729F6FA230083C26C /* Release */,
			);
			defaultConfigurationIsVisible = 0;
			defaultConfigurationName = Release;
		};
		15FECDA829F6FA230083C26C /* Build configuration list for PBXNativeTarget "counterUITests" */ = {
			isa = XCConfigurationList;
			buildConfigurations = (
				15FECDA929F6FA230083C26C /* Debug */,
				15FECDAA29F6FA230083C26C /* Release */,
			);
			defaultConfigurationIsVisible = 0;
			defaultConfigurationName = Release;
		};
/* End XCConfigurationList section */
	};
	rootObject = 15FECD7029F6FA220083C26C /* Project object */;
}
